Microsoft Visual Studio Solution File, Format Version 11.00
# Visual Studio 2008

Project("{1BC0D3B0-D4EC-5EDA-7BB6-DC7EF7049C60}") = "SolarSytemSimulation", "Assembly-CSharp.csproj", "{98C70F19-C494-AF58-4A1A-D56363AD189B}"
EndProject
Global
	GlobalSection(SolutionConfigurationPlatforms) = preSolution
		Debug|Any CPU = Debug|Any CPU
		Release|Any CPU = Release|Any CPU
	EndGlobalSection
	GlobalSection(ProjectConfigurationPlatforms) = postSolution
		{98C70F19-C494-AF58-4A1A-D56363AD189B}.Debug|Any CPU.ActiveCfg = Debug|Any CPU
		{98C70F19-C494-AF58-4A1A-D56363AD189B}.Debug|Any CPU.Build.0 = Debug|Any CPU
		{98C70F19-C494-AF58-4A1A-D56363AD189B}.Release|Any CPU.ActiveCfg = Release|Any CPU
		{98C70F19-C494-AF58-4A1A-D56363AD189B}.Release|Any CPU.Build.0 = Release|Any CPU
	EndGlobalSection
	GlobalSection(SolutionProperties) = preSolution
		HideSolutionNode = FALSE
	EndGlobalSection
	GlobalSection(MonoDevelopProperties) = preSolution
		StartupItem = Assembly-CSharp.csproj
	EndGlobalSection
EndGlobal
